
Microsoft Visual Studio Solution File, Format Version 12.00
# Visual Studio 2013
VisualStudioVersion = 12.0.21005.1
MinimumVisualStudioVersion = 10.0.40219.1
Project("{FAE04EC0-301F-11D3-BF4B-00C04F79EFBC}") = "Web", "HandsetDetectionAPIKit4\Web.csproj", "{0D5FD7D2-3564-40F1-9CA3-F87641A6660B}"
EndProject
Project("{FAE04EC0-301F-11D3-BF4B-00C04F79EFBC}") = "HandsetDetectionAPI", "HandsetDetectionAPI\HandsetDetectionAPI.csproj", "{228A7074-19A0-4FA2-A529-0119AE08CE12}"
EndProject
Global
	GlobalSection(SolutionConfigurationPlatforms) = preSolution
		Debug|Any CPU = Debug|Any CPU
		Release|Any CPU = Release|Any CPU
	EndGlobalSection
	GlobalSection(ProjectConfigurationPlatforms) = postSolution
		{0D5FD7D2-3564-40F1-9CA3-F87641A6660B}.Debug|Any CPU.ActiveCfg = Debug|Any CPU
		{0D5FD7D2-3564-40F1-9CA3-F87641A6660B}.Debug|Any CPU.Build.0 = Debug|Any CPU
		{0D5FD7D2-3564-40F1-9CA3-F87641A6660B}.Release|Any CPU.ActiveCfg = Release|Any CPU
		{0D5FD7D2-3564-40F1-9CA3-F87641A6660B}.Release|Any CPU.Build.0 = Release|Any CPU
		{228A7074-19A0-4FA2-A529-0119AE08CE12}.Debug|Any CPU.ActiveCfg = Debug|Any CPU
		{228A7074-19A0-4FA2-A529-0119AE08CE12}.Debug|Any CPU.Build.0 = Debug|Any CPU
		{228A7074-19A0-4FA2-A529-0119AE08CE12}.Release|Any CPU.ActiveCfg = Release|Any CPU
		{228A7074-19A0-4FA2-A529-0119AE08CE12}.Release|Any CPU.Build.0 = Release|Any CPU
	EndGlobalSection
	GlobalSection(SolutionProperties) = preSolution
		HideSolutionNode = FALSE
	EndGlobalSection
EndGlobal
